// !$*UTF8*$!
{
	archiveVersion = 1;
	classes = {
	};
	objectVersion = 46;
	objects = {

/* Begin PBXBuildFile section */
		F5183FF71CD0489E00E7CC06 /* wristaroo.csv in Resources */ = {isa = PBXBuildFile; fileRef = F5183FF61CD0489E00E7CC06 /* wristaroo.csv */; };
		F518DA491CCEF8B600DDEFB3 /* SwiftCSV.framework in Frameworks */ = {isa = PBXBuildFile; fileRef = F518DA3C1CCEF86400DDEFB3 /* SwiftCSV.framework */; };
		F518DA4A1CCEF8B600DDEFB3 /* SwiftCSV.framework in Embed Frameworks */ = {isa = PBXBuildFile; fileRef = F518DA3C1CCEF86400DDEFB3 /* SwiftCSV.framework */; settings = {ATTRIBUTES = (CodeSignOnCopy, RemoveHeadersOnCopy, ); }; };
		F51CE8161C7F9D4A00CE653C /* bgStage.png in Resources */ = {isa = PBXBuildFile; fileRef = F51CE8141C7F9D4A00CE653C /* bgStage.png */; };
		F51CE8171C7F9D4A00CE653C /* bgTime.png in Resources */ = {isa = PBXBuildFile; fileRef = F51CE8151C7F9D4A00CE653C /* bgTime.png */; };
		F54975D41CC702C200501F87 /* disco.png in Resources */ = {isa = PBXBuildFile; fileRef = F54975CD1CC702C200501F87 /* disco.png */; };
		F54975D51CC702C200501F87 /* other.png in Resources */ = {isa = PBXBuildFile; fileRef = F54975CE1CC702C200501F87 /* other.png */; };
		F54975D61CC702C200501F87 /* that.png in Resources */ = {isa = PBXBuildFile; fileRef = F54975CF1CC702C200501F87 /* that.png */; };
		F54975D71CC702C200501F87 /* this.png in Resources */ = {isa = PBXBuildFile; fileRef = F54975D01CC702C200501F87 /* this.png */; };
		F54975D81CC702C200501F87 /* what.png in Resources */ = {isa = PBXBuildFile; fileRef = F54975D11CC702C200501F87 /* what.png */; };
		F54975D91CC702C200501F87 /* which.png in Resources */ = {isa = PBXBuildFile; fileRef = F54975D21CC702C200501F87 /* which.png */; };
		F54975DA1CC702C200501F87 /* xmas.png in Resources */ = {isa = PBXBuildFile; fileRef = F54975D31CC702C200501F87 /* xmas.png */; };
		F55CB8671CCED0EF00F127F3 /* Alamofire.framework in Frameworks */ = {isa = PBXBuildFile; fileRef = F55CB8581CCED0BC00F127F3 /* Alamofire.framework */; };
		F55CB8681CCED0EF00F127F3 /* Alamofire.framework in Embed Frameworks */ = {isa = PBXBuildFile; fileRef = F55CB8581CCED0BC00F127F3 /* Alamofire.framework */; settings = {ATTRIBUTES = (CodeSignOnCopy, RemoveHeadersOnCopy, ); }; };
		F55CB86D1CCED5E200F127F3 /* Realm.framework in Frameworks */ = {isa = PBXBuildFile; fileRef = F55CB86B1CCED5E200F127F3 /* Realm.framework */; };
		F55CB86E1CCED5E200F127F3 /* Realm.framework in Embed Frameworks */ = {isa = PBXBuildFile; fileRef = F55CB86B1CCED5E200F127F3 /* Realm.framework */; settings = {ATTRIBUTES = (CodeSignOnCopy, RemoveHeadersOnCopy, ); }; };
		F55CB86F1CCED5E300F127F3 /* RealmSwift.framework in Frameworks */ = {isa = PBXBuildFile; fileRef = F55CB86C1CCED5E200F127F3 /* RealmSwift.framework */; };
		F55CB8701CCED5E300F127F3 /* RealmSwift.framework in Embed Frameworks */ = {isa = PBXBuildFile; fileRef = F55CB86C1CCED5E200F127F3 /* RealmSwift.framework */; settings = {ATTRIBUTES = (CodeSignOnCopy, RemoveHeadersOnCopy, ); }; };
		F55CB8721CCED8F700F127F3 /* Act.swift in Sources */ = {isa = PBXBuildFile; fileRef = F55CB8711CCED8F700F127F3 /* Act.swift */; };
		F567D9AA1C7771E900817543 /* Images.xcassets in Resources */ = {isa = PBXBuildFile; fileRef = F567D9A91C7771E900817543 /* Images.xcassets */; };
		F56930191C7D2EF00048DDAB /* WatchConnectivity.framework in Frameworks */ = {isa = PBXBuildFile; fileRef = F56930181C7D2EF00048DDAB /* WatchConnectivity.framework */; };
		F57720921C7E504E00D189D7 /* AddCustomViewController.swift in Sources */ = {isa = PBXBuildFile; fileRef = F57720911C7E504E00D189D7 /* AddCustomViewController.swift */; };
		F5D432981C7677F600B018C0 /* TimeTableRowController.swift in Sources */ = {isa = PBXBuildFile; fileRef = F5D432971C7677F600B018C0 /* TimeTableRowController.swift */; };
		F5D4329A1C7677FF00B018C0 /* ActTableRowController.swift in Sources */ = {isa = PBXBuildFile; fileRef = F5D432991C7677FF00B018C0 /* ActTableRowController.swift */; };
		F5D4329C1C76780900B018C0 /* LocationTableRowController.swift in Sources */ = {isa = PBXBuildFile; fileRef = F5D4329B1C76780900B018C0 /* LocationTableRowController.swift */; };
		F5D4329E1C76781D00B018C0 /* ByTimeInterfaceController.swift in Sources */ = {isa = PBXBuildFile; fileRef = F5D4329D1C76781C00B018C0 /* ByTimeInterfaceController.swift */; };
		F5D432A01C7696F800B018C0 /* StageActInterfaceController.swift in Sources */ = {isa = PBXBuildFile; fileRef = F5D4329F1C7696F800B018C0 /* StageActInterfaceController.swift */; };
		F5D432A21C76972400B018C0 /* TimeStageActTableRowController.swift in Sources */ = {isa = PBXBuildFile; fileRef = F5D432A11C76972400B018C0 /* TimeStageActTableRowController.swift */; };
		F5D432A41C76975C00B018C0 /* ActStageActTableRowController.swift in Sources */ = {isa = PBXBuildFile; fileRef = F5D432A31C76975C00B018C0 /* ActStageActTableRowController.swift */; };
		F5E19FC01C756409007653F6 /* AppDelegate.swift in Sources */ = {isa = PBXBuildFile; fileRef = F5E19FBF1C756409007653F6 /* AppDelegate.swift */; };
		F5E19FC21C756409007653F6 /* ViewController.swift in Sources */ = {isa = PBXBuildFile; fileRef = F5E19FC11C756409007653F6 /* ViewController.swift */; };
		F5E19FC51C756409007653F6 /* Main.storyboard in Resources */ = {isa = PBXBuildFile; fileRef = F5E19FC31C756409007653F6 /* Main.storyboard */; };
		F5E19FC71C756409007653F6 /* Assets.xcassets in Resources */ = {isa = PBXBuildFile; fileRef = F5E19FC61C756409007653F6 /* Assets.xcassets */; };
		F5E19FCA1C756409007653F6 /* LaunchScreen.storyboard in Resources */ = {isa = PBXBuildFile; fileRef = F5E19FC81C756409007653F6 /* LaunchScreen.storyboard */; };
		F5E19FD51C756409007653F6 /* WristaRooTests.swift in Sources */ = {isa = PBXBuildFile; fileRef = F5E19FD41C756409007653F6 /* WristaRooTests.swift */; };
		F5E19FE01C756409007653F6 /* WristaRooUITests.swift in Sources */ = {isa = PBXBuildFile; fileRef = F5E19FDF1C756409007653F6 /* WristaRooUITests.swift */; };
		F5E19FE51C756409007653F6 /* WristaRoo WatchKit App.app in Embed Watch Content */ = {isa = PBXBuildFile; fileRef = F5E19FE41C756409007653F6 /* WristaRoo WatchKit App.app */; };
		F5E19FEB1C756409007653F6 /* Interface.storyboard in Resources */ = {isa = PBXBuildFile; fileRef = F5E19FE91C756409007653F6 /* Interface.storyboard */; };
		F5E19FED1C756409007653F6 /* Assets.xcassets in Resources */ = {isa = PBXBuildFile; fileRef = F5E19FEC1C756409007653F6 /* Assets.xcassets */; };
		F5E19FF41C75640A007653F6 /* WristaRoo WatchKit Extension.appex in Embed App Extensions */ = {isa = PBXBuildFile; fileRef = F5E19FF31C75640A007653F6 /* WristaRoo WatchKit Extension.appex */; settings = {ATTRIBUTES = (RemoveHeadersOnCopy, ); }; };
		F5E19FFB1C75640A007653F6 /* InterfaceController.swift in Sources */ = {isa = PBXBuildFile; fileRef = F5E19FFA1C75640A007653F6 /* InterfaceController.swift */; };
		F5E19FFD1C75640A007653F6 /* ExtensionDelegate.swift in Sources */ = {isa = PBXBuildFile; fileRef = F5E19FFC1C75640A007653F6 /* ExtensionDelegate.swift */; };
		F5E19FFF1C75640A007653F6 /* NotificationController.swift in Sources */ = {isa = PBXBuildFile; fileRef = F5E19FFE1C75640A007653F6 /* NotificationController.swift */; };
		F5E1A0011C75640A007653F6 /* Assets.xcassets in Resources */ = {isa = PBXBuildFile; fileRef = F5E1A0001C75640A007653F6 /* Assets.xcassets */; };
		F5E1A0171C7564A9007653F6 /* InterfaceTableRowController.swift in Sources */ = {isa = PBXBuildFile; fileRef = F5E1A0161C7564A9007653F6 /* InterfaceTableRowController.swift */; };
		F5E1A0191C756583007653F6 /* DayInterfaceController.swift in Sources */ = {isa = PBXBuildFile; fileRef = F5E1A0181C756583007653F6 /* DayInterfaceController.swift */; };
		F5E1A01B1C7565D2007653F6 /* DayTableRowController.swift in Sources */ = {isa = PBXBuildFile; fileRef = F5E1A01A1C7565D2007653F6 /* DayTableRowController.swift */; };
		F5E1A01F1C75669E007653F6 /* ChoiceInterfaceController.swift in Sources */ = {isa = PBXBuildFile; fileRef = F5E1A01E1C75669E007653F6 /* ChoiceInterfaceController.swift */; };
		F5E1A0211C7566B8007653F6 /* ChoiceTableRowController.swift in Sources */ = {isa = PBXBuildFile; fileRef = F5E1A0201C7566B8007653F6 /* ChoiceTableRowController.swift */; };
		F5E1A0251C756758007653F6 /* StageInterfaceController.swift in Sources */ = {isa = PBXBuildFile; fileRef = F5E1A0241C756758007653F6 /* StageInterfaceController.swift */; };
		F5E1A0271C75676E007653F6 /* StageTableRowController.swift in Sources */ = {isa = PBXBuildFile; fileRef = F5E1A0261C75676E007653F6 /* StageTableRowController.swift */; };
		F5EA5BA41C7F530E003378DC /* EditCustomTableViewController.swift in Sources */ = {isa = PBXBuildFile; fileRef = F5EA5BA31C7F530E003378DC /* EditCustomTableViewController.swift */; };
/* End PBXBuildFile section */

/* Begin PBXContainerItemProxy section */
		F518DA3B1CCEF86400DDEFB3 /* PBXContainerItemProxy */ = {
			isa = PBXContainerItemProxy;
			containerPortal = F518DA311CCEF86100DDEFB3 /* SwiftCSV.xcodeproj */;
			proxyType = 2;
			remoteGlobalIDString = 3D1E59B41945FFAC001CF760;
			remoteInfo = SwiftCSV;
		};
		F518DA3D1CCEF86400DDEFB3 /* PBXContainerItemProxy */ = {
			isa = PBXContainerItemProxy;
			containerPortal = F518DA311CCEF86100DDEFB3 /* SwiftCSV.xcodeproj */;
			proxyType = 2;
			remoteGlobalIDString = 3D1E59BF1945FFAD001CF760;
			remoteInfo = SwiftCSVTests;
		};
		F518DA3F1CCEF86400DDEFB3 /* PBXContainerItemProxy */ = {
			isa = PBXContainerItemProxy;
			containerPortal = F518DA311CCEF86100DDEFB3 /* SwiftCSV.xcodeproj */;
			proxyType = 2;
			remoteGlobalIDString = 5FB74B911CCB9274009DDBF1;
			remoteInfo = "SwiftCSV OSX";
		};
		F518DA411CCEF86400DDEFB3 /* PBXContainerItemProxy */ = {
			isa = PBXContainerItemProxy;
			containerPortal = F518DA311CCEF86100DDEFB3 /* SwiftCSV.xcodeproj */;
			proxyType = 2;
			remoteGlobalIDString = 5FB74B9A1CCB9274009DDBF1;
			remoteInfo = "SwiftCSV OSXTests";
		};
		F518DA431CCEF86400DDEFB3 /* PBXContainerItemProxy */ = {
			isa = PBXContainerItemProxy;
			containerPortal = F518DA311CCEF86100DDEFB3 /* SwiftCSV.xcodeproj */;
			proxyType = 2;
			remoteGlobalIDString = 5FB74BAD1CCB929D009DDBF1;
			remoteInfo = "SwiftCSV tvOS";
		};
		F518DA451CCEF86400DDEFB3 /* PBXContainerItemProxy */ = {
			isa = PBXContainerItemProxy;
			containerPortal = F518DA311CCEF86100DDEFB3 /* SwiftCSV.xcodeproj */;
			proxyType = 2;
			remoteGlobalIDString = 5FB74BB61CCB929D009DDBF1;
			remoteInfo = "SwiftCSV tvOSTests";
		};
		F518DA471CCEF86400DDEFB3 /* PBXContainerItemProxy */ = {
			isa = PBXContainerItemProxy;
			containerPortal = F518DA311CCEF86100DDEFB3 /* SwiftCSV.xcodeproj */;
			proxyType = 2;
			remoteGlobalIDString = 5FB74BC91CCB92BA009DDBF1;
			remoteInfo = "SwiftCSV watchOS";
		};
		F518DA4B1CCEF8B600DDEFB3 /* PBXContainerItemProxy */ = {
			isa = PBXContainerItemProxy;
			containerPortal = F518DA311CCEF86100DDEFB3 /* SwiftCSV.xcodeproj */;
			proxyType = 1;
			remoteGlobalIDString = 3D1E59B31945FFAC001CF760;
			remoteInfo = SwiftCSV;
		};
		F55CB8571CCED0BC00F127F3 /* PBXContainerItemProxy */ = {
			isa = PBXContainerItemProxy;
			containerPortal = F55CB84D1CCED0BC00F127F3 /* Alamofire.xcodeproj */;
			proxyType = 2;
			remoteGlobalIDString = F8111E3319A95C8B0040E7D1;
			remoteInfo = "Alamofire iOS";
		};
		F55CB8591CCED0BC00F127F3 /* PBXContainerItemProxy */ = {
			isa = PBXContainerItemProxy;
			containerPortal = F55CB84D1CCED0BC00F127F3 /* Alamofire.xcodeproj */;
			proxyType = 2;
			remoteGlobalIDString = F8111E3E19A95C8B0040E7D1;
			remoteInfo = "Alamofire iOS Tests";
		};
		F55CB85B1CCED0BC00F127F3 /* PBXContainerItemProxy */ = {
			isa = PBXContainerItemProxy;
			containerPortal = F55CB84D1CCED0BC00F127F3 /* Alamofire.xcodeproj */;
			proxyType = 2;
			remoteGlobalIDString = 4DD67C0B1A5C55C900ED2280;
			remoteInfo = "Alamofire OSX";
		};
		F55CB85D1CCED0BC00F127F3 /* PBXContainerItemProxy */ = {
			isa = PBXContainerItemProxy;
			containerPortal = F55CB84D1CCED0BC00F127F3 /* Alamofire.xcodeproj */;
			proxyType = 2;
			remoteGlobalIDString = F829C6B21A7A94F100A2CD59;
			remoteInfo = "Alamofire OSX Tests";
		};
		F55CB85F1CCED0BC00F127F3 /* PBXContainerItemProxy */ = {
			isa = PBXContainerItemProxy;
			containerPortal = F55CB84D1CCED0BC00F127F3 /* Alamofire.xcodeproj */;
			proxyType = 2;
			remoteGlobalIDString = 4CF626EF1BA7CB3E0011A099;
			remoteInfo = "Alamofire tvOS";
		};
		F55CB8611CCED0BC00F127F3 /* PBXContainerItemProxy */ = {
			isa = PBXContainerItemProxy;
			containerPortal = F55CB84D1CCED0BC00F127F3 /* Alamofire.xcodeproj */;
			proxyType = 2;
			remoteGlobalIDString = 4CF626F81BA7CB3E0011A099;
			remoteInfo = "Alamofire tvOS Tests";
		};
		F55CB8631CCED0BC00F127F3 /* PBXContainerItemProxy */ = {
			isa = PBXContainerItemProxy;
			containerPortal = F55CB84D1CCED0BC00F127F3 /* Alamofire.xcodeproj */;
			proxyType = 2;
			remoteGlobalIDString = E4202FE01B667AA100C997FB;
			remoteInfo = "Alamofire watchOS";
		};
		F55CB8651CCED0D600F127F3 /* PBXContainerItemProxy */ = {
			isa = PBXContainerItemProxy;
			containerPortal = F55CB84D1CCED0BC00F127F3 /* Alamofire.xcodeproj */;
			proxyType = 1;
			remoteGlobalIDString = F8111E3219A95C8B0040E7D1;
			remoteInfo = "Alamofire iOS";
		};
		F55CB8691CCED0EF00F127F3 /* PBXContainerItemProxy */ = {
			isa = PBXContainerItemProxy;
			containerPortal = F55CB84D1CCED0BC00F127F3 /* Alamofire.xcodeproj */;
			proxyType = 1;
			remoteGlobalIDString = F8111E3219A95C8B0040E7D1;
			remoteInfo = "Alamofire iOS";
		};
		F5E19FD11C756409007653F6 /* PBXContainerItemProxy */ = {
			isa = PBXContainerItemProxy;
			containerPortal = F5E19FB41C756409007653F6 /* Project object */;
			proxyType = 1;
			remoteGlobalIDString = F5E19FBB1C756409007653F6;
			remoteInfo = WristaRoo;
		};
		F5E19FDC1C756409007653F6 /* PBXContainerItemProxy */ = {
			isa = PBXContainerItemProxy;
			containerPortal = F5E19FB41C756409007653F6 /* Project object */;
			proxyType = 1;
			remoteGlobalIDString = F5E19FBB1C756409007653F6;
			remoteInfo = WristaRoo;
		};
		F5E19FE61C756409007653F6 /* PBXContainerItemProxy */ = {
			isa = PBXContainerItemProxy;
			containerPortal = F5E19FB41C756409007653F6 /* Project object */;
			proxyType = 1;
			remoteGlobalIDString = F5E19FE31C756409007653F6;
			remoteInfo = "WristaRoo WatchKit App";
		};
		F5E19FF51C75640A007653F6 /* PBXContainerItemProxy */ = {
			isa = PBXContainerItemProxy;
			containerPortal = F5E19FB41C756409007653F6 /* Project object */;
			proxyType = 1;
			remoteGlobalIDString = F5E19FF21C75640A007653F6;
			remoteInfo = "WristaRoo WatchKit Extension";
		};
/* End PBXContainerItemProxy section */

/* Begin PBXCopyFilesBuildPhase section */
		F55CB8481CCECF9F00F127F3 /* Embed Frameworks */ = {
			isa = PBXCopyFilesBuildPhase;
			buildActionMask = 2147483647;
			dstPath = "";
			dstSubfolderSpec = 10;
			files = (
				F55CB86E1CCED5E200F127F3 /* Realm.framework in Embed Frameworks */,
				F55CB8681CCED0EF00F127F3 /* Alamofire.framework in Embed Frameworks */,
				F55CB8701CCED5E300F127F3 /* RealmSwift.framework in Embed Frameworks */,
				F518DA4A1CCEF8B600DDEFB3 /* SwiftCSV.framework in Embed Frameworks */,
			);
			name = "Embed Frameworks";
			runOnlyForDeploymentPostprocessing = 0;
		};
		F5E1A0081C75640A007653F6 /* Embed App Extensions */ = {
			isa = PBXCopyFilesBuildPhase;
			buildActionMask = 2147483647;
			dstPath = "";
			dstSubfolderSpec = 13;
			files = (
				F5E19FF41C75640A007653F6 /* WristaRoo WatchKit Extension.appex in Embed App Extensions */,
			);
			name = "Embed App Extensions";
			runOnlyForDeploymentPostprocessing = 0;
		};
		F5E1A00C1C75640A007653F6 /* Embed Watch Content */ = {
			isa = PBXCopyFilesBuildPhase;
			buildActionMask = 2147483647;
			dstPath = "$(CONTENTS_FOLDER_PATH)/Watch";
			dstSubfolderSpec = 16;
			files = (
				F5E19FE51C756409007653F6 /* WristaRoo WatchKit App.app in Embed Watch Content */,
			);
			name = "Embed Watch Content";
			runOnlyForDeploymentPostprocessing = 0;
		};
/* End PBXCopyFilesBuildPhase section */

/* Begin PBXFileReference section */
		1FCB74198975EDA9C9AE86E4 /* Pods.framework */ = {isa = PBXFileReference; explicitFileType = wrapper.framework; includeInIndex = 0; path = Pods.framework; sourceTree = BUILT_PRODUCTS_DIR; };
		ADDAEA622DBBF0FF79572A45 /* Pods_WristaRoo.framework */ = {isa = PBXFileReference; explicitFileType = wrapper.framework; includeInIndex = 0; path = Pods_WristaRoo.framework; sourceTree = BUILT_PRODUCTS_DIR; };
		F5183FF51CD040CC00E7CC06 /* WristaRoo-Bridging-Header.h */ = {isa = PBXFileReference; lastKnownFileType = sourcecode.c.h; path = "WristaRoo-Bridging-Header.h"; sourceTree = "<group>"; };
		F5183FF61CD0489E00E7CC06 /* wristaroo.csv */ = {isa = PBXFileReference; fileEncoding = 4; lastKnownFileType = text; path = wristaroo.csv; sourceTree = "<group>"; };
		F518DA311CCEF86100DDEFB3 /* SwiftCSV.xcodeproj */ = {isa = PBXFileReference; lastKnownFileType = "wrapper.pb-project"; name = SwiftCSV.xcodeproj; path = "../../Downloads/SwiftCSV-master/SwiftCSV.xcodeproj"; sourceTree = "<group>"; };
		F51CE8141C7F9D4A00CE653C /* bgStage.png */ = {isa = PBXFileReference; lastKnownFileType = image.png; path = bgStage.png; sourceTree = "<group>"; };
		F51CE8151C7F9D4A00CE653C /* bgTime.png */ = {isa = PBXFileReference; lastKnownFileType = image.png; path = bgTime.png; sourceTree = "<group>"; };
		F54975CD1CC702C200501F87 /* disco.png */ = {isa = PBXFileReference; lastKnownFileType = image.png; name = disco.png; path = res/disco.png; sourceTree = "<group>"; };
		F54975CE1CC702C200501F87 /* other.png */ = {isa = PBXFileReference; lastKnownFileType = image.png; name = other.png; path = res/other.png; sourceTree = "<group>"; };
		F54975CF1CC702C200501F87 /* that.png */ = {isa = PBXFileReference; lastKnownFileType = image.png; name = that.png; path = res/that.png; sourceTree = "<group>"; };
		F54975D01CC702C200501F87 /* this.png */ = {isa = PBXFileReference; lastKnownFileType = image.png; name = this.png; path = res/this.png; sourceTree = "<group>"; };
		F54975D11CC702C200501F87 /* what.png */ = {isa = PBXFileReference; lastKnownFileType = image.png; name = what.png; path = res/what.png; sourceTree = "<group>"; };
		F54975D21CC702C200501F87 /* which.png */ = {isa = PBXFileReference; lastKnownFileType = image.png; name = which.png; path = res/which.png; sourceTree = "<group>"; };
		F54975D31CC702C200501F87 /* xmas.png */ = {isa = PBXFileReference; lastKnownFileType = image.png; name = xmas.png; path = res/xmas.png; sourceTree = "<group>"; };
		F55CB84D1CCED0BC00F127F3 /* Alamofire.xcodeproj */ = {isa = PBXFileReference; lastKnownFileType = "wrapper.pb-project"; name = Alamofire.xcodeproj; path = Alamofire/Alamofire.xcodeproj; sourceTree = "<group>"; };
		F55CB86B1CCED5E200F127F3 /* Realm.framework */ = {isa = PBXFileReference; lastKnownFileType = wrapper.framework; path = Realm.framework; sourceTree = "<group>"; };
		F55CB86C1CCED5E200F127F3 /* RealmSwift.framework */ = {isa = PBXFileReference; lastKnownFileType = wrapper.framework; path = RealmSwift.framework; sourceTree = "<group>"; };
		F55CB8711CCED8F700F127F3 /* Act.swift */ = {isa = PBXFileReference; fileEncoding = 4; lastKnownFileType = sourcecode.swift; path = Act.swift; sourceTree = "<group>"; };
		F567D9A91C7771E900817543 /* Images.xcassets */ = {isa = PBXFileReference; lastKnownFileType = folder.assetcatalog; path = Images.xcassets; sourceTree = "<group>"; };
		F56930161C7D2C8B0048DDAB /* WristaRoo.entitlements */ = {isa = PBXFileReference; lastKnownFileType = text.xml; path = WristaRoo.entitlements; sourceTree = "<group>"; };
		F56930171C7D2CC90048DDAB /* WristaRoo WatchKit App.entitlements */ = {isa = PBXFileReference; lastKnownFileType = text.xml; path = "WristaRoo WatchKit App.entitlements"; sourceTree = "<group>"; };
		F56930181C7D2EF00048DDAB /* WatchConnectivity.framework */ = {isa = PBXFileReference; lastKnownFileType = wrapper.framework; name = WatchConnectivity.framework; path = System/Library/Frameworks/WatchConnectivity.framework; sourceTree = SDKROOT; };
		F569301A1C7D3FBD0048DDAB /* WristaRoo WatchKit Extension.entitlements */ = {isa = PBXFileReference; lastKnownFileType = text.xml; path = "WristaRoo WatchKit Extension.entitlements"; sourceTree = "<group>"; };
		F57720911C7E504E00D189D7 /* AddCustomViewController.swift */ = {isa = PBXFileReference; fileEncoding = 4; lastKnownFileType = sourcecode.swift; path = AddCustomViewController.swift; sourceTree = "<group>"; };
		F5D432971C7677F600B018C0 /* TimeTableRowController.swift */ = {isa = PBXFileReference; fileEncoding = 4; lastKnownFileType = sourcecode.swift; path = TimeTableRowController.swift; sourceTree = "<group>"; };
		F5D432991C7677FF00B018C0 /* ActTableRowController.swift */ = {isa = PBXFileReference; fileEncoding = 4; lastKnownFileType = sourcecode.swift; path = ActTableRowController.swift; sourceTree = "<group>"; };
		F5D4329B1C76780900B018C0 /* LocationTableRowController.swift */ = {isa = PBXFileReference; fileEncoding = 4; lastKnownFileType = sourcecode.swift; path = LocationTableRowController.swift; sourceTree = "<group>"; };
		F5D4329D1C76781C00B018C0 /* ByTimeInterfaceController.swift */ = {isa = PBXFileReference; fileEncoding = 4; lastKnownFileType = sourcecode.swift; path = ByTimeInterfaceController.swift; sourceTree = "<group>"; };
		F5D4329F1C7696F800B018C0 /* StageActInterfaceController.swift */ = {isa = PBXFileReference; fileEncoding = 4; lastKnownFileType = sourcecode.swift; path = StageActInterfaceController.swift; sourceTree = "<group>"; };
		F5D432A11C76972400B018C0 /* TimeStageActTableRowController.swift */ = {isa = PBXFileReference; fileEncoding = 4; lastKnownFileType = sourcecode.swift; path = TimeStageActTableRowController.swift; sourceTree = "<group>"; };
		F5D432A31C76975C00B018C0 /* ActStageActTableRowController.swift */ = {isa = PBXFileReference; fileEncoding = 4; lastKnownFileType = sourcecode.swift; path = ActStageActTableRowController.swift; sourceTree = "<group>"; };
		F5E19FBC1C756409007653F6 /* WristaRoo.app */ = {isa = PBXFileReference; explicitFileType = wrapper.application; includeInIndex = 0; path = WristaRoo.app; sourceTree = BUILT_PRODUCTS_DIR; };
		F5E19FBF1C756409007653F6 /* AppDelegate.swift */ = {isa = PBXFileReference; lastKnownFileType = sourcecode.swift; path = AppDelegate.swift; sourceTree = "<group>"; };
		F5E19FC11C756409007653F6 /* ViewController.swift */ = {isa = PBXFileReference; lastKnownFileType = sourcecode.swift; path = ViewController.swift; sourceTree = "<group>"; };
		F5E19FC41C756409007653F6 /* Base */ = {isa = PBXFileReference; lastKnownFileType = file.storyboard; name = Base; path = Base.lproj/Main.storyboard; sourceTree = "<group>"; };
		F5E19FC61C756409007653F6 /* Assets.xcassets */ = {isa = PBXFileReference; lastKnownFileType = folder.assetcatalog; path = Assets.xcassets; sourceTree = "<group>"; };
		F5E19FC91C756409007653F6 /* Base */ = {isa = PBXFileReference; lastKnownFileType = file.storyboard; name = Base; path = Base.lproj/LaunchScreen.storyboard; sourceTree = "<group>"; };
		F5E19FCB1C756409007653F6 /* Info.plist */ = {isa = PBXFileReference; lastKnownFileType = text.plist.xml; path = Info.plist; sourceTree = "<group>"; };
		F5E19FD01C756409007653F6 /* WristaRooTests.xctest */ = {isa = PBXFileReference; explicitFileType = wrapper.cfbundle; includeInIndex = 0; path = WristaRooTests.xctest; sourceTree = BUILT_PRODUCTS_DIR; };
		F5E19FD41C756409007653F6 /* WristaRooTests.swift */ = {isa = PBXFileReference; lastKnownFileType = sourcecode.swift; path = WristaRooTests.swift; sourceTree = "<group>"; };
		F5E19FD61C756409007653F6 /* Info.plist */ = {isa = PBXFileReference; lastKnownFileType = text.plist.xml; path = Info.plist; sourceTree = "<group>"; };
		F5E19FDB1C756409007653F6 /* WristaRooUITests.xctest */ = {isa = PBXFileReference; explicitFileType = wrapper.cfbundle; includeInIndex = 0; path = WristaRooUITests.xctest; sourceTree = BUILT_PRODUCTS_DIR; };
		F5E19FDF1C756409007653F6 /* WristaRooUITests.swift */ = {isa = PBXFileReference; lastKnownFileType = sourcecode.swift; path = WristaRooUITests.swift; sourceTree = "<group>"; };
		F5E19FE11C756409007653F6 /* Info.plist */ = {isa = PBXFileReference; lastKnownFileType = text.plist.xml; path = Info.plist; sourceTree = "<group>"; };
		F5E19FE41C756409007653F6 /* WristaRoo WatchKit App.app */ = {isa = PBXFileReference; explicitFileType = wrapper.application; includeInIndex = 0; path = "WristaRoo WatchKit App.app"; sourceTree = BUILT_PRODUCTS_DIR; };
		F5E19FEA1C756409007653F6 /* Base */ = {isa = PBXFileReference; lastKnownFileType = file.storyboard; name = Base; path = Base.lproj/Interface.storyboard; sourceTree = "<group>"; };
		F5E19FEC1C756409007653F6 /* Assets.xcassets */ = {isa = PBXFileReference; lastKnownFileType = folder.assetcatalog; path = Assets.xcassets; sourceTree = "<group>"; };
		F5E19FEE1C756409007653F6 /* Info.plist */ = {isa = PBXFileReference; lastKnownFileType = text.plist.xml; path = Info.plist; sourceTree = "<group>"; };
		F5E19FF31C75640A007653F6 /* WristaRoo WatchKit Extension.appex */ = {isa = PBXFileReference; explicitFileType = "wrapper.app-extension"; includeInIndex = 0; path = "WristaRoo WatchKit Extension.appex"; sourceTree = BUILT_PRODUCTS_DIR; };
		F5E19FF91C75640A007653F6 /* PushNotificationPayload.apns */ = {isa = PBXFileReference; lastKnownFileType = text; path = PushNotificationPayload.apns; sourceTree = "<group>"; };
		F5E19FFA1C75640A007653F6 /* InterfaceController.swift */ = {isa = PBXFileReference; lastKnownFileType = sourcecode.swift; path = InterfaceController.swift; sourceTree = "<group>"; };
		F5E19FFC1C75640A007653F6 /* ExtensionDelegate.swift */ = {isa = PBXFileReference; lastKnownFileType = sourcecode.swift; path = ExtensionDelegate.swift; sourceTree = "<group>"; };
		F5E19FFE1C75640A007653F6 /* NotificationController.swift */ = {isa = PBXFileReference; lastKnownFileType = sourcecode.swift; path = NotificationController.swift; sourceTree = "<group>"; };
		F5E1A0001C75640A007653F6 /* Assets.xcassets */ = {isa = PBXFileReference; lastKnownFileType = folder.assetcatalog; path = Assets.xcassets; sourceTree = "<group>"; };
		F5E1A0021C75640A007653F6 /* Info.plist */ = {isa = PBXFileReference; lastKnownFileType = text.plist.xml; path = Info.plist; sourceTree = "<group>"; };
		F5E1A0161C7564A9007653F6 /* InterfaceTableRowController.swift */ = {isa = PBXFileReference; fileEncoding = 4; lastKnownFileType = sourcecode.swift; path = InterfaceTableRowController.swift; sourceTree = "<group>"; };
		F5E1A0181C756583007653F6 /* DayInterfaceController.swift */ = {isa = PBXFileReference; fileEncoding = 4; lastKnownFileType = sourcecode.swift; path = DayInterfaceController.swift; sourceTree = "<group>"; };
		F5E1A01A1C7565D2007653F6 /* DayTableRowController.swift */ = {isa = PBXFileReference; fileEncoding = 4; lastKnownFileType = sourcecode.swift; path = DayTableRowController.swift; sourceTree = "<group>"; };
		F5E1A01E1C75669E007653F6 /* ChoiceInterfaceController.swift */ = {isa = PBXFileReference; fileEncoding = 4; lastKnownFileType = sourcecode.swift; path = ChoiceInterfaceController.swift; sourceTree = "<group>"; };
		F5E1A0201C7566B8007653F6 /* ChoiceTableRowController.swift */ = {isa = PBXFileReference; fileEncoding = 4; lastKnownFileType = sourcecode.swift; path = ChoiceTableRowController.swift; sourceTree = "<group>"; };
		F5E1A0241C756758007653F6 /* StageInterfaceController.swift */ = {isa = PBXFileReference; fileEncoding = 4; lastKnownFileType = sourcecode.swift; path = StageInterfaceController.swift; sourceTree = "<group>"; };
		F5E1A0261C75676E007653F6 /* StageTableRowController.swift */ = {isa = PBXFileReference; fileEncoding = 4; lastKnownFileType = sourcecode.swift; path = StageTableRowController.swift; sourceTree = "<group>"; };
		F5EA5BA31C7F530E003378DC /* EditCustomTableViewController.swift */ = {isa = PBXFileReference; fileEncoding = 4; lastKnownFileType = sourcecode.swift; path = EditCustomTableViewController.swift; sourceTree = "<group>"; };
/* End PBXFileReference section */

/* Begin PBXFrameworksBuildPhase section */
		F5E19FB91C756409007653F6 /* Frameworks */ = {
			isa = PBXFrameworksBuildPhase;
			buildActionMask = 2147483647;
			files = (
				F518DA491CCEF8B600DDEFB3 /* SwiftCSV.framework in Frameworks */,
				F55CB86D1CCED5E200F127F3 /* Realm.framework in Frameworks */,
				F56930191C7D2EF00048DDAB /* WatchConnectivity.framework in Frameworks */,
				F55CB86F1CCED5E300F127F3 /* RealmSwift.framework in Frameworks */,
				F55CB8671CCED0EF00F127F3 /* Alamofire.framework in Frameworks */,
			);
			runOnlyForDeploymentPostprocessing = 0;
		};
		F5E19FCD1C756409007653F6 /* Frameworks */ = {
			isa = PBXFrameworksBuildPhase;
			buildActionMask = 2147483647;
			files = (
			);
			runOnlyForDeploymentPostprocessing = 0;
		};
		F5E19FD81C756409007653F6 /* Frameworks */ = {
			isa = PBXFrameworksBuildPhase;
			buildActionMask = 2147483647;
			files = (
			);
			runOnlyForDeploymentPostprocessing = 0;
		};
		F5E19FF01C75640A007653F6 /* Frameworks */ = {
			isa = PBXFrameworksBuildPhase;
			buildActionMask = 2147483647;
			files = (
			);
			runOnlyForDeploymentPostprocessing = 0;
		};
/* End PBXFrameworksBuildPhase section */

/* Begin PBXGroup section */
		7087C57B8F861BFD0DB6A1F7 /* Frameworks */ = {
			isa = PBXGroup;
			children = (
				1FCB74198975EDA9C9AE86E4 /* Pods.framework */,
				ADDAEA622DBBF0FF79572A45 /* Pods_WristaRoo.framework */,
			);
			name = Frameworks;
			sourceTree = "<group>";
		};
		F518DA321CCEF86100DDEFB3 /* Products */ = {
			isa = PBXGroup;
			children = (
				F518DA3C1CCEF86400DDEFB3 /* SwiftCSV.framework */,
				F518DA3E1CCEF86400DDEFB3 /* SwiftCSVTests.xctest */,
				F518DA401CCEF86400DDEFB3 /* SwiftCSV.framework */,
				F518DA421CCEF86400DDEFB3 /* SwiftCSVTests.xctest */,
				F518DA441CCEF86400DDEFB3 /* SwiftCSV.framework */,
				F518DA461CCEF86400DDEFB3 /* SwiftCSVTests.xctest */,
				F518DA481CCEF86400DDEFB3 /* SwiftCSV.framework */,
			);
			name = Products;
			sourceTree = "<group>";
		};
		F55CB84E1CCED0BC00F127F3 /* Products */ = {
			isa = PBXGroup;
			children = (
				F55CB8581CCED0BC00F127F3 /* Alamofire.framework */,
				F55CB85A1CCED0BC00F127F3 /* Alamofire iOS Tests.xctest */,
				F55CB85C1CCED0BC00F127F3 /* Alamofire.framework */,
				F55CB85E1CCED0BC00F127F3 /* Alamofire OSX Tests.xctest */,
				F55CB8601CCED0BC00F127F3 /* Alamofire.framework */,
				F55CB8621CCED0BC00F127F3 /* Alamofire tvOS Tests.xctest */,
				F55CB8641CCED0BC00F127F3 /* Alamofire.framework */,
			);
			name = Products;
			sourceTree = "<group>";
		};
		F5E19FB31C756409007653F6 = {
			isa = PBXGroup;
			children = (
				F5183FF61CD0489E00E7CC06 /* wristaroo.csv */,
				F5183FF51CD040CC00E7CC06 /* WristaRoo-Bridging-Header.h */,
				F518DA311CCEF86100DDEFB3 /* SwiftCSV.xcodeproj */,
				F55CB86B1CCED5E200F127F3 /* Realm.framework */,
				F55CB86C1CCED5E200F127F3 /* RealmSwift.framework */,
				F55CB84D1CCED0BC00F127F3 /* Alamofire.xcodeproj */,
				F56930181C7D2EF00048DDAB /* WatchConnectivity.framework */,
				F5E19FBE1C756409007653F6 /* WristaRoo */,
				F5E19FD31C756409007653F6 /* WristaRooTests */,
				F5E19FDE1C756409007653F6 /* WristaRooUITests */,
				F5E19FE81C756409007653F6 /* WristaRoo WatchKit App */,
				F5E19FF71C75640A007653F6 /* WristaRoo WatchKit Extension */,
				F5E19FBD1C756409007653F6 /* Products */,
				7087C57B8F861BFD0DB6A1F7 /* Frameworks */,
			);
			sourceTree = "<group>";
		};
		F5E19FBD1C756409007653F6 /* Products */ = {
			isa = PBXGroup;
			children = (
				F5E19FBC1C756409007653F6 /* WristaRoo.app */,
				F5E19FD01C756409007653F6 /* WristaRooTests.xctest */,
				F5E19FDB1C756409007653F6 /* WristaRooUITests.xctest */,
				F5E19FE41C756409007653F6 /* WristaRoo WatchKit App.app */,
				F5E19FF31C75640A007653F6 /* WristaRoo WatchKit Extension.appex */,
			);
			name = Products;
			sourceTree = "<group>";
		};
		F5E19FBE1C756409007653F6 /* WristaRoo */ = {
			isa = PBXGroup;
			children = (
				F5E19FCB1C756409007653F6 /* Info.plist */,
				F56930161C7D2C8B0048DDAB /* WristaRoo.entitlements */,
				F5E19FBF1C756409007653F6 /* AppDelegate.swift */,
				F5E19FC11C756409007653F6 /* ViewController.swift */,
				F57720911C7E504E00D189D7 /* AddCustomViewController.swift */,
				F5EA5BA31C7F530E003378DC /* EditCustomTableViewController.swift */,
				F5E19FC31C756409007653F6 /* Main.storyboard */,
				F5E19FC81C756409007653F6 /* LaunchScreen.storyboard */,
				F5E19FC61C756409007653F6 /* Assets.xcassets */,
				F567D9A91C7771E900817543 /* Images.xcassets */,
				F55CB8711CCED8F700F127F3 /* Act.swift */,
			);
			path = WristaRoo;
			sourceTree = "<group>";
		};
		F5E19FD31C756409007653F6 /* WristaRooTests */ = {
			isa = PBXGroup;
			children = (
				F5E19FD41C756409007653F6 /* WristaRooTests.swift */,
				F5E19FD61C756409007653F6 /* Info.plist */,
			);
			path = WristaRooTests;
			sourceTree = "<group>";
		};
		F5E19FDE1C756409007653F6 /* WristaRooUITests */ = {
			isa = PBXGroup;
			children = (
				F5E19FDF1C756409007653F6 /* WristaRooUITests.swift */,
				F5E19FE11C756409007653F6 /* Info.plist */,
			);
			path = WristaRooUITests;
			sourceTree = "<group>";
		};
		F5E19FE81C756409007653F6 /* WristaRoo WatchKit App */ = {
			isa = PBXGroup;
			children = (
				F54975CD1CC702C200501F87 /* disco.png */,
				F54975CE1CC702C200501F87 /* other.png */,
				F54975CF1CC702C200501F87 /* that.png */,
				F54975D01CC702C200501F87 /* this.png */,
				F54975D11CC702C200501F87 /* what.png */,
				F54975D21CC702C200501F87 /* which.png */,
				F54975D31CC702C200501F87 /* xmas.png */,
				F51CE8141C7F9D4A00CE653C /* bgStage.png */,
				F51CE8151C7F9D4A00CE653C /* bgTime.png */,
				F56930171C7D2CC90048DDAB /* WristaRoo WatchKit App.entitlements */,
				F5E19FE91C756409007653F6 /* Interface.storyboard */,
				F5E19FEC1C756409007653F6 /* Assets.xcassets */,
				F5E19FEE1C756409007653F6 /* Info.plist */,
			);
			path = "WristaRoo WatchKit App";
			sourceTree = "<group>";
		};
		F5E19FF71C75640A007653F6 /* WristaRoo WatchKit Extension */ = {
			isa = PBXGroup;
			children = (
				F569301A1C7D3FBD0048DDAB /* WristaRoo WatchKit Extension.entitlements */,
				F5E19FFA1C75640A007653F6 /* InterfaceController.swift */,
				F5E1A0181C756583007653F6 /* DayInterfaceController.swift */,
				F5E1A01E1C75669E007653F6 /* ChoiceInterfaceController.swift */,
				F5D4329D1C76781C00B018C0 /* ByTimeInterfaceController.swift */,
				F5E1A0241C756758007653F6 /* StageInterfaceController.swift */,
				F5D4329F1C7696F800B018C0 /* StageActInterfaceController.swift */,
				F5E1A0161C7564A9007653F6 /* InterfaceTableRowController.swift */,
				F5E1A01A1C7565D2007653F6 /* DayTableRowController.swift */,
				F5E1A0201C7566B8007653F6 /* ChoiceTableRowController.swift */,
				F5E1A0261C75676E007653F6 /* StageTableRowController.swift */,
				F5D432971C7677F600B018C0 /* TimeTableRowController.swift */,
				F5D432991C7677FF00B018C0 /* ActTableRowController.swift */,
				F5D4329B1C76780900B018C0 /* LocationTableRowController.swift */,
				F5D432A11C76972400B018C0 /* TimeStageActTableRowController.swift */,
				F5D432A31C76975C00B018C0 /* ActStageActTableRowController.swift */,
				F5E19FFC1C75640A007653F6 /* ExtensionDelegate.swift */,
				F5E19FFE1C75640A007653F6 /* NotificationController.swift */,
				F5E1A0001C75640A007653F6 /* Assets.xcassets */,
				F5E1A0021C75640A007653F6 /* Info.plist */,
				F5E19FF81C75640A007653F6 /* Supporting Files */,
			);
			path = "WristaRoo WatchKit Extension";
			sourceTree = "<group>";
		};
		F5E19FF81C75640A007653F6 /* Supporting Files */ = {
			isa = PBXGroup;
			children = (
				F5E19FF91C75640A007653F6 /* PushNotificationPayload.apns */,
			);
			name = "Supporting Files";
			sourceTree = "<group>";
		};
/* End PBXGroup section */

/* Begin PBXNativeTarget section */
		F5E19FBB1C756409007653F6 /* WristaRoo */ = {
			isa = PBXNativeTarget;
			buildConfigurationList = F5E1A00D1C75640A007653F6 /* Build configuration list for PBXNativeTarget "WristaRoo" */;
			buildPhases = (
				F5E19FB81C756409007653F6 /* Sources */,
				F5E19FB91C756409007653F6 /* Frameworks */,
				F5E19FBA1C756409007653F6 /* Resources */,
				F5E1A00C1C75640A007653F6 /* Embed Watch Content */,
				F5E5DD2A1C7E86BD0034B9F0 /* ShellScript */,
				F55CB8481CCECF9F00F127F3 /* Embed Frameworks */,
			);
			buildRules = (
			);
			dependencies = (
				F55CB8661CCED0D600F127F3 /* PBXTargetDependency */,
				F5E19FE71C756409007653F6 /* PBXTargetDependency */,
				F55CB86A1CCED0EF00F127F3 /* PBXTargetDependency */,
				F518DA4C1CCEF8B600DDEFB3 /* PBXTargetDependency */,
			);
			name = WristaRoo;
			productName = WristaRoo;
			productReference = F5E19FBC1C756409007653F6 /* WristaRoo.app */;
			productType = "com.apple.product-type.application";
		};
		F5E19FCF1C756409007653F6 /* WristaRooTests */ = {
			isa = PBXNativeTarget;
			buildConfigurationList = F5E1A0101C75640A007653F6 /* Build configuration list for PBXNativeTarget "WristaRooTests" */;
			buildPhases = (
				F5E19FCC1C756409007653F6 /* Sources */,
				F5E19FCD1C756409007653F6 /* Frameworks */,
				F5E19FCE1C756409007653F6 /* Resources */,
			);
			buildRules = (
			);
			dependencies = (
				F5E19FD21C756409007653F6 /* PBXTargetDependency */,
			);
			name = WristaRooTests;
			productName = WristaRooTests;
			productReference = F5E19FD01C756409007653F6 /* WristaRooTests.xctest */;
			productType = "com.apple.product-type.bundle.unit-test";
		};
		F5E19FDA1C756409007653F6 /* WristaRooUITests */ = {
			isa = PBXNativeTarget;
			buildConfigurationList = F5E1A0131C75640A007653F6 /* Build configuration list for PBXNativeTarget "WristaRooUITests" */;
			buildPhases = (
				F5E19FD71C756409007653F6 /* Sources */,
				F5E19FD81C756409007653F6 /* Frameworks */,
				F5E19FD91C756409007653F6 /* Resources */,
			);
			buildRules = (
			);
			dependencies = (
				F5E19FDD1C756409007653F6 /* PBXTargetDependency */,
			);
			name = WristaRooUITests;
			productName = WristaRooUITests;
			productReference = F5E19FDB1C756409007653F6 /* WristaRooUITests.xctest */;
			productType = "com.apple.product-type.bundle.ui-testing";
		};
		F5E19FE31C756409007653F6 /* WristaRoo WatchKit App */ = {
			isa = PBXNativeTarget;
			buildConfigurationList = F5E1A0091C75640A007653F6 /* Build configuration list for PBXNativeTarget "WristaRoo WatchKit App" */;
			buildPhases = (
				F5E19FE21C756409007653F6 /* Resources */,
				F5E1A0081C75640A007653F6 /* Embed App Extensions */,
			);
			buildRules = (
			);
			dependencies = (
				F5E19FF61C75640A007653F6 /* PBXTargetDependency */,
			);
			name = "WristaRoo WatchKit App";
			productName = "WristaRoo WatchKit App";
			productReference = F5E19FE41C756409007653F6 /* WristaRoo WatchKit App.app */;
			productType = "com.apple.product-type.application.watchapp2";
		};
		F5E19FF21C75640A007653F6 /* WristaRoo WatchKit Extension */ = {
			isa = PBXNativeTarget;
			buildConfigurationList = F5E1A0051C75640A007653F6 /* Build configuration list for PBXNativeTarget "WristaRoo WatchKit Extension" */;
			buildPhases = (
				F5E19FEF1C75640A007653F6 /* Sources */,
				F5E19FF01C75640A007653F6 /* Frameworks */,
				F5E19FF11C75640A007653F6 /* Resources */,
				F5E5DD2C1C7E86E80034B9F0 /* ShellScript */,
			);
			buildRules = (
			);
			dependencies = (
			);
			name = "WristaRoo WatchKit Extension";
			productName = "WristaRoo WatchKit Extension";
			productReference = F5E19FF31C75640A007653F6 /* WristaRoo WatchKit Extension.appex */;
			productType = "com.apple.product-type.watchkit2-extension";
		};
/* End PBXNativeTarget section */

/* Begin PBXProject section */
		F5E19FB41C756409007653F6 /* Project object */ = {
			isa = PBXProject;
			attributes = {
				LastSwiftUpdateCheck = 0730;
				LastUpgradeCheck = 0720;
				ORGANIZATIONNAME = "Michael Vinci";
				TargetAttributes = {
					F5E19FBB1C756409007653F6 = {
						CreatedOnToolsVersion = 7.2.1;
						DevelopmentTeam = BB27LSL797;
						SystemCapabilities = {
							com.apple.ApplicationGroups.iOS = {
								enabled = 1;
							};
						};
					};
					F5E19FCF1C756409007653F6 = {
						CreatedOnToolsVersion = 7.2.1;
						TestTargetID = F5E19FBB1C756409007653F6;
					};
					F5E19FDA1C756409007653F6 = {
						CreatedOnToolsVersion = 7.2.1;
						TestTargetID = F5E19FBB1C756409007653F6;
					};
					F5E19FE31C756409007653F6 = {
						CreatedOnToolsVersion = 7.2.1;
						DevelopmentTeam = BB27LSL797;
						SystemCapabilities = {
							com.apple.ApplicationGroups.iOS = {
								enabled = 1;
							};
						};
					};
					F5E19FF21C75640A007653F6 = {
						CreatedOnToolsVersion = 7.2.1;
						DevelopmentTeam = BB27LSL797;
						SystemCapabilities = {
							com.apple.ApplicationGroups.iOS = {
								enabled = 1;
							};
						};
					};
				};
			};
			buildConfigurationList = F5E19FB71C756409007653F6 /* Build configuration list for PBXProject "WristaRoo" */;
			compatibilityVersion = "Xcode 3.2";
			developmentRegion = English;
			hasScannedForEncodings = 0;
			knownRegions = (
				en,
				Base,
			);
			mainGroup = F5E19FB31C756409007653F6;
			productRefGroup = F5E19FBD1C756409007653F6 /* Products */;
			projectDirPath = "";
			projectReferences = (
				{
					ProductGroup = F55CB84E1CCED0BC00F127F3 /* Products */;
					ProjectRef = F55CB84D1CCED0BC00F127F3 /* Alamofire.xcodeproj */;
				},
				{
					ProductGroup = F518DA321CCEF86100DDEFB3 /* Products */;
					ProjectRef = F518DA311CCEF86100DDEFB3 /* SwiftCSV.xcodeproj */;
				},
			);
			projectRoot = "";
			targets = (
				F5E19FBB1C756409007653F6 /* WristaRoo */,
				F5E19FCF1C756409007653F6 /* WristaRooTests */,
				F5E19FDA1C756409007653F6 /* WristaRooUITests */,
				F5E19FE31C756409007653F6 /* WristaRoo WatchKit App */,
				F5E19FF21C75640A007653F6 /* WristaRoo WatchKit Extension */,
			);
		};
/* End PBXProject section */

/* Begin PBXReferenceProxy section */
		F518DA3C1CCEF86400DDEFB3 /* SwiftCSV.framework */ = {
			isa = PBXReferenceProxy;
			fileType = wrapper.framework;
			path = SwiftCSV.framework;
			remoteRef = F518DA3B1CCEF86400DDEFB3 /* PBXContainerItemProxy */;
			sourceTree = BUILT_PRODUCTS_DIR;
		};
		F518DA3E1CCEF86400DDEFB3 /* SwiftCSVTests.xctest */ = {
			isa = PBXReferenceProxy;
			fileType = wrapper.cfbundle;
			path = SwiftCSVTests.xctest;
			remoteRef = F518DA3D1CCEF86400DDEFB3 /* PBXContainerItemProxy */;
			sourceTree = BUILT_PRODUCTS_DIR;
		};
		F518DA401CCEF86400DDEFB3 /* SwiftCSV.framework */ = {
			isa = PBXReferenceProxy;
			fileType = wrapper.framework;
			path = SwiftCSV.framework;
			remoteRef = F518DA3F1CCEF86400DDEFB3 /* PBXContainerItemProxy */;
			sourceTree = BUILT_PRODUCTS_DIR;
		};
		F518DA421CCEF86400DDEFB3 /* SwiftCSVTests.xctest */ = {
			isa = PBXReferenceProxy;
			fileType = wrapper.cfbundle;
			path = SwiftCSVTests.xctest;
			remoteRef = F518DA411CCEF86400DDEFB3 /* PBXContainerItemProxy */;
			sourceTree = BUILT_PRODUCTS_DIR;
		};
		F518DA441CCEF86400DDEFB3 /* SwiftCSV.framework */ = {
			isa = PBXReferenceProxy;
			fileType = wrapper.framework;
			path = SwiftCSV.framework;
			remoteRef = F518DA431CCEF86400DDEFB3 /* PBXContainerItemProxy */;
			sourceTree = BUILT_PRODUCTS_DIR;
		};
		F518DA461CCEF86400DDEFB3 /* SwiftCSVTests.xctest */ = {
			isa = PBXReferenceProxy;
			fileType = wrapper.cfbundle;
			path = SwiftCSVTests.xctest;
			remoteRef = F518DA451CCEF86400DDEFB3 /* PBXContainerItemProxy */;
			sourceTree = BUILT_PRODUCTS_DIR;
		};
		F518DA481CCEF86400DDEFB3 /* SwiftCSV.framework */ = {
			isa = PBXReferenceProxy;
			fileType = wrapper.framework;
			path = SwiftCSV.framework;
			remoteRef = F518DA471CCEF86400DDEFB3 /* PBXContainerItemProxy */;
			sourceTree = BUILT_PRODUCTS_DIR;
		};
		F55CB8581CCED0BC00F127F3 /* Alamofire.framework */ = {
			isa = PBXReferenceProxy;
			fileType = wrapper.framework;
			path = Alamofire.framework;
			remoteRef = F55CB8571CCED0BC00F127F3 /* PBXContainerItemProxy */;
			sourceTree = BUILT_PRODUCTS_DIR;
		};
		F55CB85A1CCED0BC00F127F3 /* Alamofire iOS Tests.xctest */ = {
			isa = PBXReferenceProxy;
			fileType = wrapper.cfbundle;
			path = "Alamofire iOS Tests.xctest";
			remoteRef = F55CB8591CCED0BC00F127F3 /* PBXContainerItemProxy */;
			sourceTree = BUILT_PRODUCTS_DIR;
		};
		F55CB85C1CCED0BC00F127F3 /* Alamofire.framework */ = {
			isa = PBXReferenceProxy;
			fileType = wrapper.framework;
			path = Alamofire.framework;
			remoteRef = F55CB85B1CCED0BC00F127F3 /* PBXContainerItemProxy */;
			sourceTree = BUILT_PRODUCTS_DIR;
		};
		F55CB85E1CCED0BC00F127F3 /* Alamofire OSX Tests.xctest */ = {
			isa = PBXReferenceProxy;
			fileType = wrapper.cfbundle;
			path = "Alamofire OSX Tests.xctest";
			remoteRef = F55CB85D1CCED0BC00F127F3 /* PBXContainerItemProxy */;
			sourceTree = BUILT_PRODUCTS_DIR;
		};
		F55CB8601CCED0BC00F127F3 /* Alamofire.framework */ = {
			isa = PBXReferenceProxy;
			fileType = wrapper.framework;
			path = Alamofire.framework;
			remoteRef = F55CB85F1CCED0BC00F127F3 /* PBXContainerItemProxy */;
			sourceTree = BUILT_PRODUCTS_DIR;
		};
		F55CB8621CCED0BC00F127F3 /* Alamofire tvOS Tests.xctest */ = {
			isa = PBXReferenceProxy;
			fileType = wrapper.cfbundle;
			path = "Alamofire tvOS Tests.xctest";
			remoteRef = F55CB8611CCED0BC00F127F3 /* PBXContainerItemProxy */;
			sourceTree = BUILT_PRODUCTS_DIR;
		};
		F55CB8641CCED0BC00F127F3 /* Alamofire.framework */ = {
			isa = PBXReferenceProxy;
			fileType = wrapper.framework;
			path = Alamofire.framework;
			remoteRef = F55CB8631CCED0BC00F127F3 /* PBXContainerItemProxy */;
			sourceTree = BUILT_PRODUCTS_DIR;
		};
/* End PBXReferenceProxy section */

/* Begin PBXResourcesBuildPhase section */
		F5E19FBA1C756409007653F6 /* Resources */ = {
			isa = PBXResourcesBuildPhase;
			buildActionMask = 2147483647;
			files = (
				F5E19FCA1C756409007653F6 /* LaunchScreen.storyboard in Resources */,
				F567D9AA1C7771E900817543 /* Images.xcassets in Resources */,
				F5183FF71CD0489E00E7CC06 /* wristaroo.csv in Resources */,
				F5E19FC71C756409007653F6 /* Assets.xcassets in Resources */,
				F5E19FC51C756409007653F6 /* Main.storyboard in Resources */,
			);
			runOnlyForDeploymentPostprocessing = 0;
		};
		F5E19FCE1C756409007653F6 /* Resources */ = {
			isa = PBXResourcesBuildPhase;
			buildActionMask = 2147483647;
			files = (
			);
			runOnlyForDeploymentPostprocessing = 0;
		};
		F5E19FD91C756409007653F6 /* Resources */ = {
			isa = PBXResourcesBuildPhase;
			buildActionMask = 2147483647;
			files = (
			);
			runOnlyForDeploymentPostprocessing = 0;
		};
		F5E19FE21C756409007653F6 /* Resources */ = {
			isa = PBXResourcesBuildPhase;
			buildActionMask = 2147483647;
			files = (
				F5E19FED1C756409007653F6 /* Assets.xcassets in Resources */,
				F54975DA1CC702C200501F87 /* xmas.png in Resources */,
				F51CE8171C7F9D4A00CE653C /* bgTime.png in Resources */,
				F51CE8161C7F9D4A00CE653C /* bgStage.png in Resources */,
				F54975D51CC702C200501F87 /* other.png in Resources */,
				F5E19FEB1C756409007653F6 /* Interface.storyboard in Resources */,
				F54975D71CC702C200501F87 /* this.png in Resources */,
				F54975D41CC702C200501F87 /* disco.png in Resources */,
				F54975D61CC702C200501F87 /* that.png in Resources */,
				F54975D91CC702C200501F87 /* which.png in Resources */,
				F54975D81CC702C200501F87 /* what.png in Resources */,
			);
			runOnlyForDeploymentPostprocessing = 0;
		};
		F5E19FF11C75640A007653F6 /* Resources */ = {
			isa = PBXResourcesBuildPhase;
			buildActionMask = 2147483647;
			files = (
				F5E1A0011C75640A007653F6 /* Assets.xcassets in Resources */,
			);
			runOnlyForDeploymentPostprocessing = 0;
		};
/* End PBXResourcesBuildPhase section */

/* Begin PBXShellScriptBuildPhase section */
		F5E5DD2A1C7E86BD0034B9F0 /* ShellScript */ = {
			isa = PBXShellScriptBuildPhase;
			buildActionMask = 2147483647;
			files = (
			);
			inputPaths = (
			);
			outputPaths = (
			);
			runOnlyForDeploymentPostprocessing = 0;
			shellPath = /bin/sh;
			shellScript = "# Set the build number to the count of Git commits\nbuildNumber=$(git rev-list --count HEAD)\n/usr/libexec/PlistBuddy -c \"Set :CFBundleVersion $buildNumber\" \"${PROJECT_DIR}/${INFOPLIST_FILE}\"\n";
		};
		F5E5DD2C1C7E86E80034B9F0 /* ShellScript */ = {
			isa = PBXShellScriptBuildPhase;
			buildActionMask = 2147483647;
			files = (
			);
			inputPaths = (
			);
			outputPaths = (
			);
			runOnlyForDeploymentPostprocessing = 0;
			shellPath = /bin/sh;
			shellScript = "# Set the build number to the count of Git commits\nbuildNumber=$(git rev-list --count HEAD)\n/usr/libexec/PlistBuddy -c \"Set :CFBundleVersion $buildNumber\" \"${PROJECT_DIR}/${INFOPLIST_FILE}\"";
		};
/* End PBXShellScriptBuildPhase section */

/* Begin PBXSourcesBuildPhase section */
		F5E19FB81C756409007653F6 /* Sources */ = {
			isa = PBXSourcesBuildPhase;
			buildActionMask = 2147483647;
			files = (
				F5E19FC21C756409007653F6 /* ViewController.swift in Sources */,
				F5E19FC01C756409007653F6 /* AppDelegate.swift in Sources */,
				F5EA5BA41C7F530E003378DC /* EditCustomTableViewController.swift in Sources */,
				F55CB8721CCED8F700F127F3 /* Act.swift in Sources */,
				F57720921C7E504E00D189D7 /* AddCustomViewController.swift in Sources */,
			);
			runOnlyForDeploymentPostprocessing = 0;
		};
		F5E19FCC1C756409007653F6 /* Sources */ = {
			isa = PBXSourcesBuildPhase;
			buildActionMask = 2147483647;
			files = (
				F5E19FD51C756409007653F6 /* WristaRooTests.swift in Sources */,
			);
			runOnlyForDeploymentPostprocessing = 0;
		};
		F5E19FD71C756409007653F6 /* Sources */ = {
			isa = PBXSourcesBuildPhase;
			buildActionMask = 2147483647;
			files = (
				F5E19FE01C756409007653F6 /* WristaRooUITests.swift in Sources */,
			);
			runOnlyForDeploymentPostprocessing = 0;
		};
		F5E19FEF1C75640A007653F6 /* Sources */ = {
			isa = PBXSourcesBuildPhase;
			buildActionMask = 2147483647;
			files = (
				F5E1A0251C756758007653F6 /* StageInterfaceController.swift in Sources */,
				F5E1A0211C7566B8007653F6 /* ChoiceTableRowController.swift in Sources */,
				F5E1A01F1C75669E007653F6 /* ChoiceInterfaceController.swift in Sources */,
				F5E19FFF1C75640A007653F6 /* NotificationController.swift in Sources */,
				F5E1A0271C75676E007653F6 /* StageTableRowController.swift in Sources */,
				F5E19FFD1C75640A007653F6 /* ExtensionDelegate.swift in Sources */,
				F5D4329A1C7677FF00B018C0 /* ActTableRowController.swift in Sources */,
				F5D432A01C7696F800B018C0 /* StageActInterfaceController.swift in Sources */,
				F5E1A0191C756583007653F6 /* DayInterfaceController.swift in Sources */,
				F5D432A41C76975C00B018C0 /* ActStageActTableRowController.swift in Sources */,
				F5D432981C7677F600B018C0 /* TimeTableRowController.swift in Sources */,
				F5D4329E1C76781D00B018C0 /* ByTimeInterfaceController.swift in Sources */,
				F5D4329C1C76780900B018C0 /* LocationTableRowController.swift in Sources */,
				F5E19FFB1C75640A007653F6 /* InterfaceController.swift in Sources */,
				F5E1A01B1C7565D2007653F6 /* DayTableRowController.swift in Sources */,
				F5D432A21C76972400B018C0 /* TimeStageActTableRowController.swift in Sources */,
				F5E1A0171C7564A9007653F6 /* InterfaceTableRowController.swift in Sources */,
			);
			runOnlyForDeploymentPostprocessing = 0;
		};
/* End PBXSourcesBuildPhase section */

/* Begin PBXTargetDependency section */
		F518DA4C1CCEF8B600DDEFB3 /* PBXTargetDependency */ = {
			isa = PBXTargetDependency;
			name = SwiftCSV;
			targetProxy = F518DA4B1CCEF8B600DDEFB3 /* PBXContainerItemProxy */;
		};
		F55CB8661CCED0D600F127F3 /* PBXTargetDependency */ = {
			isa = PBXTargetDependency;
			name = "Alamofire iOS";
			targetProxy = F55CB8651CCED0D600F127F3 /* PBXContainerItemProxy */;
		};
		F55CB86A1CCED0EF00F127F3 /* PBXTargetDependency */ = {
			isa = PBXTargetDependency;
			name = "Alamofire iOS";
			targetProxy = F55CB8691CCED0EF00F127F3 /* PBXContainerItemProxy */;
		};
		F5E19FD21C756409007653F6 /* PBXTargetDependency */ = {
			isa = PBXTargetDependency;
			target = F5E19FBB1C756409007653F6 /* WristaRoo */;
			targetProxy = F5E19FD11C756409007653F6 /* PBXContainerItemProxy */;
		};
		F5E19FDD1C756409007653F6 /* PBXTargetDependency */ = {
			isa = PBXTargetDependency;
			target = F5E19FBB1C756409007653F6 /* WristaRoo */;
			targetProxy = F5E19FDC1C756409007653F6 /* PBXContainerItemProxy */;
		};
		F5E19FE71C756409007653F6 /* PBXTargetDependency */ = {
			isa = PBXTargetDependency;
			target = F5E19FE31C756409007653F6 /* WristaRoo WatchKit App */;
			targetProxy = F5E19FE61C756409007653F6 /* PBXContainerItemProxy */;
		};
		F5E19FF61C75640A007653F6 /* PBXTargetDependency */ = {
			isa = PBXTargetDependency;
			target = F5E19FF21C75640A007653F6 /* WristaRoo WatchKit Extension */;
			targetProxy = F5E19FF51C75640A007653F6 /* PBXContainerItemProxy */;
		};
/* End PBXTargetDependency section */

/* Begin PBXVariantGroup section */
		F5E19FC31C756409007653F6 /* Main.storyboard */ = {
			isa = PBXVariantGroup;
			children = (
				F5E19FC41C756409007653F6 /* Base */,
			);
			name = Main.storyboard;
			sourceTree = "<group>";
		};
		F5E19FC81C756409007653F6 /* LaunchScreen.storyboard */ = {
			isa = PBXVariantGroup;
			children = (
				F5E19FC91C756409007653F6 /* Base */,
			);
			name = LaunchScreen.storyboard;
			sourceTree = "<group>";
		};
		F5E19FE91C756409007653F6 /* Interface.storyboard */ = {
			isa = PBXVariantGroup;
			children = (
				F5E19FEA1C756409007653F6 /* Base */,
			);
			name = Interface.storyboard;
			sourceTree = "<group>";
		};
/* End PBXVariantGroup section */

/* Begin XCBuildConfiguration section */
		F5E1A0031C75640A007653F6 /* Debug */ = {
			isa = XCBuildConfiguration;
			buildSettings = {
				ALWAYS_SEARCH_USER_PATHS = NO;
				CLANG_CXX_LANGUAGE_STANDARD = "gnu++0x";
				CLANG_CXX_LIBRARY = "libc++";
				CLANG_ENABLE_MODULES = YES;
				CLANG_ENABLE_OBJC_ARC = YES;
				CLANG_WARN_BOOL_CONVERSION = YES;
				CLANG_WARN_CONSTANT_CONVERSION = YES;
				CLANG_WARN_DIRECT_OBJC_ISA_USAGE = YES_ERROR;
				CLANG_WARN_EMPTY_BODY = YES;
				CLANG_WARN_ENUM_CONVERSION = YES;
				CLANG_WARN_INT_CONVERSION = YES;
				CLANG_WARN_OBJC_ROOT_CLASS = YES_ERROR;
				CLANG_WARN_UNREACHABLE_CODE = YES;
				CLANG_WARN__DUPLICATE_METHOD_MATCH = YES;
				"CODE_SIGN_IDENTITY[sdk=iphoneos*]" = "iPhone Developer";
				COPY_PHASE_STRIP = NO;
				DEBUG_INFORMATION_FORMAT = dwarf;
				ENABLE_STRICT_OBJC_MSGSEND = YES;
				ENABLE_TESTABILITY = YES;
				GCC_C_LANGUAGE_STANDARD = gnu99;
				GCC_DYNAMIC_NO_PIC = NO;
				GCC_NO_COMMON_BLOCKS = YES;
				GCC_OPTIMIZATION_LEVEL = 0;
				GCC_PREPROCESSOR_DEFINITIONS = (
					"DEBUG=1",
					"$(inherited)",
				);
				GCC_WARN_64_TO_32_BIT_CONVERSION = YES;
				GCC_WARN_ABOUT_RETURN_TYPE = YES_ERROR;
				GCC_WARN_UNDECLARED_SELECTOR = YES;
				GCC_WARN_UNINITIALIZED_AUTOS = YES_AGGRESSIVE;
				GCC_WARN_UNUSED_FUNCTION = YES;
				GCC_WARN_UNUSED_VARIABLE = YES;
				IPHONEOS_DEPLOYMENT_TARGET = 9.2;
				MTL_ENABLE_DEBUG_INFO = YES;
				ONLY_ACTIVE_ARCH = YES;
				PRODUCT_BUNDLE_IDENTIFIER = conedmiro.WristaRoo;
				SDKROOT = iphoneos;
				SWIFT_OPTIMIZATION_LEVEL = "-Onone";
				TARGETED_DEVICE_FAMILY = "1,2";
			};
			name = Debug;
		};
		F5E1A0041C75640A007653F6 /* Release */ = {
			isa = XCBuildConfiguration;
			buildSettings = {
				ALWAYS_SEARCH_USER_PATHS = NO;
				CLANG_CXX_LANGUAGE_STANDARD = "gnu++0x";
				CLANG_CXX_LIBRARY = "libc++";
				CLANG_ENABLE_MODULES = YES;
				CLANG_ENABLE_OBJC_ARC = YES;
				CLANG_WARN_BOOL_CONVERSION = YES;
				CLANG_WARN_CONSTANT_CONVERSION = YES;
				CLANG_WARN_DIRECT_OBJC_ISA_USAGE = YES_ERROR;
				CLANG_WARN_EMPTY_BODY = YES;
				CLANG_WARN_ENUM_CONVERSION = YES;
				CLANG_WARN_INT_CONVERSION = YES;
				CLANG_WARN_OBJC_ROOT_CLASS = YES_ERROR;
				CLANG_WARN_UNREACHABLE_CODE = YES;
				CLANG_WARN__DUPLICATE_METHOD_MATCH = YES;
				"CODE_SIGN_IDENTITY[sdk=iphoneos*]" = "iPhone Developer";
				COPY_PHASE_STRIP = NO;
				DEBUG_INFORMATION_FORMAT = "dwarf-with-dsym";
				ENABLE_NS_ASSERTIONS = NO;
				ENABLE_STRICT_OBJC_MSGSEND = YES;
				GCC_C_LANGUAGE_STANDARD = gnu99;
				GCC_NO_COMMON_BLOCKS = YES;
				GCC_WARN_64_TO_32_BIT_CONVERSION = YES;
				GCC_WARN_ABOUT_RETURN_TYPE = YES_ERROR;
				GCC_WARN_UNDECLARED_SELECTOR = YES;
				GCC_WARN_UNINITIALIZED_AUTOS = YES_AGGRESSIVE;
				GCC_WARN_UNUSED_FUNCTION = YES;
				GCC_WARN_UNUSED_VARIABLE = YES;
				IPHONEOS_DEPLOYMENT_TARGET = 9.2;
				MTL_ENABLE_DEBUG_INFO = NO;
				PRODUCT_BUNDLE_IDENTIFIER = conedmiro.WristaRoo;
				SDKROOT = iphoneos;
				TARGETED_DEVICE_FAMILY = "1,2";
				VALIDATE_PRODUCT = YES;
			};
			name = Release;
		};
		F5E1A0061C75640A007653F6 /* Debug */ = {
			isa = XCBuildConfiguration;
			buildSettings = {
				CODE_SIGN_ENTITLEMENTS = "WristaRoo WatchKit Extension/WristaRoo WatchKit Extension.entitlements";
				CODE_SIGN_IDENTITY = "iPhone Developer";
				"CODE_SIGN_IDENTITY[sdk=watchos*]" = "iPhone Developer";
				INFOPLIST_FILE = "WristaRoo WatchKit Extension/Info.plist";
				LD_RUNPATH_SEARCH_PATHS = "$(inherited) @executable_path/Frameworks @executable_path/../../Frameworks";
				PRODUCT_BUNDLE_IDENTIFIER = conedmiro.WristaRoo.watchkitapp.watchkitextension;
				PRODUCT_NAME = "${TARGET_NAME}";
				PROVISIONING_PROFILE = "";
				SDKROOT = watchos;
				SKIP_INSTALL = YES;
				TARGETED_DEVICE_FAMILY = 4;
				WATCHOS_DEPLOYMENT_TARGET = 2.1;
			};
			name = Debug;
		};
		F5E1A0071C75640A007653F6 /* Release */ = {
			isa = XCBuildConfiguration;
			buildSettings = {
				CODE_SIGN_ENTITLEMENTS = "WristaRoo WatchKit Extension/WristaRoo WatchKit Extension.entitlements";
				CODE_SIGN_IDENTITY = "iPhone Developer";
				"CODE_SIGN_IDENTITY[sdk=watchos*]" = "iPhone Developer";
				INFOPLIST_FILE = "WristaRoo WatchKit Extension/Info.plist";
				LD_RUNPATH_SEARCH_PATHS = "$(inherited) @executable_path/Frameworks @executable_path/../../Frameworks";
				PRODUCT_BUNDLE_IDENTIFIER = conedmiro.WristaRoo.watchkitapp.watchkitextension;
				PRODUCT_NAME = "${TARGET_NAME}";
				PROVISIONING_PROFILE = "";
				SDKROOT = watchos;
				SKIP_INSTALL = YES;
				TARGETED_DEVICE_FAMILY = 4;
				WATCHOS_DEPLOYMENT_TARGET = 2.1;
			};
			name = Release;
		};
		F5E1A00A1C75640A007653F6 /* Debug */ = {
			isa = XCBuildConfiguration;
			buildSettings = {
				ASSETCATALOG_COMPILER_APPICON_NAME = AppIcon;
				CODE_SIGN_ENTITLEMENTS = "WristaRoo WatchKit App/WristaRoo WatchKit App.entitlements";
				CODE_SIGN_IDENTITY = "iPhone Developer";
				"CODE_SIGN_IDENTITY[sdk=watchos*]" = "iPhone Developer";
				EMBEDDED_CONTENT_CONTAINS_SWIFT = YES;
				IBSC_MODULE = WristaRoo_WatchKit_Extension;
				INFOPLIST_FILE = "WristaRoo WatchKit App/Info.plist";
				PRODUCT_BUNDLE_IDENTIFIER = conedmiro.WristaRoo.watchkitapp;
				PRODUCT_NAME = "$(TARGET_NAME)";
				PROVISIONING_PROFILE = "";
				SDKROOT = watchos;
				SKIP_INSTALL = YES;
				TARGETED_DEVICE_FAMILY = 4;
				WATCHOS_DEPLOYMENT_TARGET = 2.1;
			};
			name = Debug;
		};
		F5E1A00B1C75640A007653F6 /* Release */ = {
			isa = XCBuildConfiguration;
			buildSettings = {
				ASSETCATALOG_COMPILER_APPICON_NAME = AppIcon;
				CODE_SIGN_ENTITLEMENTS = "WristaRoo WatchKit App/WristaRoo WatchKit App.entitlements";
				CODE_SIGN_IDENTITY = "iPhone Developer";
				"CODE_SIGN_IDENTITY[sdk=watchos*]" = "iPhone Developer";
				EMBEDDED_CONTENT_CONTAINS_SWIFT = YES;
				IBSC_MODULE = WristaRoo_WatchKit_Extension;
				INFOPLIST_FILE = "WristaRoo WatchKit App/Info.plist";
				PRODUCT_BUNDLE_IDENTIFIER = conedmiro.WristaRoo.watchkitapp;
				PRODUCT_NAME = "$(TARGET_NAME)";
				PROVISIONING_PROFILE = "";
				SDKROOT = watchos;
				SKIP_INSTALL = YES;
				TARGETED_DEVICE_FAMILY = 4;
				WATCHOS_DEPLOYMENT_TARGET = 2.1;
			};
			name = Release;
		};
		F5E1A00E1C75640A007653F6 /* Debug */ = {
			isa = XCBuildConfiguration;
			buildSettings = {
				ASSETCATALOG_COMPILER_APPICON_NAME = AppIcon;
				ASSETCATALOG_COMPILER_LAUNCHIMAGE_NAME = "Brand Assets";
				CLANG_ENABLE_MODULES = YES;
				CODE_SIGN_ENTITLEMENTS = WristaRoo/WristaRoo.entitlements;
				CODE_SIGN_IDENTITY = "iPhone Developer";
				"CODE_SIGN_IDENTITY[sdk=iphoneos*]" = "iPhone Developer";
				EMBEDDED_CONTENT_CONTAINS_SWIFT = YES;
				FRAMEWORK_SEARCH_PATHS = (
					"$(inherited)",
					"$(PROJECT_DIR)",
				);
				INFOPLIST_FILE = WristaRoo/Info.plist;
				LD_RUNPATH_SEARCH_PATHS = "$(inherited) @executable_path/Frameworks";
				PRODUCT_BUNDLE_IDENTIFIER = conedmiro.WristaRoo;
				PRODUCT_NAME = "$(TARGET_NAME)";
				PROVISIONING_PROFILE = "";
				SWIFT_OBJC_BRIDGING_HEADER = "WristaRoo-Bridging-Header.h";
				SWIFT_OPTIMIZATION_LEVEL = "-Onone";
			};
			name = Debug;
		};
		F5E1A00F1C75640A007653F6 /* Release */ = {
			isa = XCBuildConfiguration;
			buildSettings = {
				ASSETCATALOG_COMPILER_APPICON_NAME = AppIcon;
				ASSETCATALOG_COMPILER_LAUNCHIMAGE_NAME = "Brand Assets";
				CLANG_ENABLE_MODULES = YES;
				CODE_SIGN_ENTITLEMENTS = WristaRoo/WristaRoo.entitlements;
				CODE_SIGN_IDENTITY = "iPhone Developer";
				"CODE_SIGN_IDENTITY[sdk=iphoneos*]" = "iPhone Developer: Alejandro Figueroa (7535C4GECV)";
				EMBEDDED_CONTENT_CONTAINS_SWIFT = YES;
				FRAMEWORK_SEARCH_PATHS = (
					"$(inherited)",
					"$(PROJECT_DIR)",
				);
				INFOPLIST_FILE = WristaRoo/Info.plist;
				LD_RUNPATH_SEARCH_PATHS = "$(inherited) @executable_path/Frameworks";
				PRODUCT_BUNDLE_IDENTIFIER = conedmiro.WristaRoo;
				PRODUCT_NAME = "$(TARGET_NAME)";
				PROVISIONING_PROFILE = "";
				SWIFT_OBJC_BRIDGING_HEADER = "WristaRoo-Bridging-Header.h";
			};
			name = Release;
		};
		F5E1A0111C75640A007653F6 /* Debug */ = {
			isa = XCBuildConfiguration;
			buildSettings = {
				BUNDLE_LOADER = "$(TEST_HOST)";
				INFOPLIST_FILE = WristaRooTests/Info.plist;
				LD_RUNPATH_SEARCH_PATHS = "$(inherited) @executable_path/Frameworks @loader_path/Frameworks";
				PRODUCT_BUNDLE_IDENTIFIER = conedmiro.WristaRooTests;
				PRODUCT_NAME = "$(TARGET_NAME)";
				TEST_HOST = "$(BUILT_PRODUCTS_DIR)/WristaRoo.app/WristaRoo";
			};
			name = Debug;
		};
		F5E1A0121C75640A007653F6 /* Release */ = {
			isa = XCBuildConfiguration;
			buildSettings = {
				BUNDLE_LOADER = "$(TEST_HOST)";
				INFOPLIST_FILE = WristaRooTests/Info.plist;
				LD_RUNPATH_SEARCH_PATHS = "$(inherited) @executable_path/Frameworks @loader_path/Frameworks";
				PRODUCT_BUNDLE_IDENTIFIER = conedmiro.WristaRooTests;
				PRODUCT_NAME = "$(TARGET_NAME)";
				TEST_HOST = "$(BUILT_PRODUCTS_DIR)/WristaRoo.app/WristaRoo";
			};
			name = Release;
		};
		F5E1A0141C75640A007653F6 /* Debug */ = {
			isa = XCBuildConfiguration;
			buildSettings = {
				INFOPLIST_FILE = WristaRooUITests/Info.plist;
				LD_RUNPATH_SEARCH_PATHS = "$(inherited) @executable_path/Frameworks @loader_path/Frameworks";
				PRODUCT_BUNDLE_IDENTIFIER = conedmiro.WristaRooUITests;
				PRODUCT_NAME = "$(TARGET_NAME)";
				TEST_TARGET_NAME = WristaRoo;
				USES_XCTRUNNER = YES;
			};
			name = Debug;
		};
		F5E1A0151C75640A007653F6 /* Release */ = {
			isa = XCBuildConfiguration;
			buildSettings = {
				INFOPLIST_FILE = WristaRooUITests/Info.plist;
				LD_RUNPATH_SEARCH_PATHS = "$(inherited) @executable_path/Frameworks @loader_path/Frameworks";
				PRODUCT_BUNDLE_IDENTIFIER = conedmiro.WristaRooUITests;
				PRODUCT_NAME = "$(TARGET_NAME)";
				TEST_TARGET_NAME = WristaRoo;
				USES_XCTRUNNER = YES;
			};
			name = Release;
		};
/* End XCBuildConfiguration section */

/* Begin XCConfigurationList section */
		F5E19FB71C756409007653F6 /* Build configuration list for PBXProject "WristaRoo" */ = {
			isa = XCConfigurationList;
			buildConfigurations = (
				F5E1A0031C75640A007653F6 /* Debug */,
				F5E1A0041C75640A007653F6 /* Release */,
			);
			defaultConfigurationIsVisible = 0;
			defaultConfigurationName = Release;
		};
		F5E1A0051C75640A007653F6 /* Build configuration list for PBXNativeTarget "WristaRoo WatchKit Extension" */ = {
			isa = XCConfigurationList;
			buildConfigurations = (
				F5E1A0061C75640A007653F6 /* Debug */,
				F5E1A0071C75640A007653F6 /* Release */,
			);
			defaultConfigurationIsVisible = 0;
			defaultConfigurationName = Release;
		};
		F5E1A0091C75640A007653F6 /* Build configuration list for PBXNativeTarget "WristaRoo WatchKit App" */ = {
			isa = XCConfigurationList;
			buildConfigurations = (
				F5E1A00A1C75640A007653F6 /* Debug */,
				F5E1A00B1C75640A007653F6 /* Release */,
			);
			defaultConfigurationIsVisible = 0;
			defaultConfigurationName = Release;
		};
		F5E1A00D1C75640A007653F6 /* Build configuration list for PBXNativeTarget "WristaRoo" */ = {
			isa = XCConfigurationList;
			buildConfigurations = (
				F5E1A00E1C75640A007653F6 /* Debug */,
				F5E1A00F1C75640A007653F6 /* Release */,
			);
			defaultConfigurationIsVisible = 0;
			defaultConfigurationName = Release;
		};
		F5E1A0101C75640A007653F6 /* Build configuration list for PBXNativeTarget "WristaRooTests" */ = {
			isa = XCConfigurationList;
			buildConfigurations = (
				F5E1A0111C75640A007653F6 /* Debug */,
				F5E1A0121C75640A007653F6 /* Release */,
			);
			defaultConfigurationIsVisible = 0;
			defaultConfigurationName = Release;
		};
		F5E1A0131C75640A007653F6 /* Build configuration list for PBXNativeTarget "WristaRooUITests" */ = {
			isa = XCConfigurationList;
			buildConfigurations = (
				F5E1A0141C75640A007653F6 /* Debug */,
				F5E1A0151C75640A007653F6 /* Release */,
			);
			defaultConfigurationIsVisible = 0;
			defaultConfigurationName = Release;
		};
/* End XCConfigurationList section */
	};
	rootObject = F5E19FB41C756409007653F6 /* Project object */;
}
